schema_version: 1
round: R11
candidate_id: p0
component_name: V-JEPA2 VisionTransformerPredictor
official_repo: https://github.com/facebookresearch/vjepa2.git
upstream_commit_sha: 204698b45b3712590f06245fbfba32d3be539812
code_weight_data_license:
  code: MIT
  weights: not_used
  data: not_used
local_license_file: LICENSES/upstream_components/vjepa2/LICENSE
license_sha256: cf9b17822d1fcd4ff32ccbe14183386fb3adf6f2ff92dc184130823f7fc28173
local_destination: before_we_act/upstream_components/vjepa2
source_map: experiments/before_we_act/r11/p0/source_map.yaml
copied_upstream_files:
  - src/models/predictor.py
  - src/models/utils/modules.py
  - src/models/utils/pos_embs.py
  - src/masks/utils.py
  - src/utils/tensors.py
copied_symbols:
  - VisionTransformerPredictor
  - Block
  - apply_masks
  - get_3d_sincos_pos_embed
replacement_site: before_we_act/team_belief/vjepa2_predictor.py
copied_algorithm_files_edit_whitelist:
  - src/models/predictor.py
algorithmic_lines_changed: 0
