schema_version: 1
round: R12
candidate_id: p2
component_name: ACT CVAE DETR action-chunk Transformer
official_repo: https://github.com/tonyzhaozh/act.git
upstream_commit_sha: 742c753c0d4a5d87076c8f69e5628c79a8cc5488
code_weight_data_license: {code: MIT, weights: not_used, data: not_used}
local_license_file: LICENSES/upstream_components/act/LICENSE
license_sha256: 4666c312da313e6c46929f6695d06cf98a2e7359b9c7dcbb0ea232d01b32cd42
local_destination: before_we_act/upstream_components/act
source_map: experiments/before_we_act/r12/p2/source_map.yaml
copied_upstream_files: [detr/models/transformer.py]
copied_symbols: [Transformer, TransformerEncoder, TransformerEncoderLayer, TransformerDecoder, TransformerDecoderLayer]
replacement_site: before_we_act/action_generator/act_chunk.py
copied_algorithm_files_edit_whitelist: []
algorithmic_lines_changed: 0
fallback: R12-R1 P2 RDT rejected; no fallback in this independent branch
