schema_version: 1
round: R13
candidate_id: p0
component_name: TD-MPC2 WorldModel encoder/dynamics/reward/Q core
official_repo: https://github.com/nicklashansen/tdmpc2.git
upstream_commit_sha: e9f59321933cbc8e11a002b842adc7d4ffae8ff1
code_weight_data_license: {code: MIT, weights: not_used, data: not_used}
local_license_file: before_we_act/upstream_components/r13_tdmpc2/LICENSE
license_sha256: 440d4088a83d19c522dff58918bd92ccb9701c278a35295b92db2456373c4759
local_destination: before_we_act/upstream_components/r13_tdmpc2
source_map: experiments/before_we_act/r13/p0/source_map.yaml
copied_upstream_files:
  - LICENSE
  - tdmpc2/common/world_model.py
  - tdmpc2/common/layers.py
  - tdmpc2/common/math.py
  - tdmpc2/common/init.py
copied_symbols: [WorldModel, SimNorm, Ensemble, mlp, weight_init]
replacement_site: before_we_act/world_model/tdmpc2_world.py
copied_algorithm_files_edit_whitelist:
  - tdmpc2/common/world_model.py
algorithmic_lines_changed: 0
